<?xml version="1.0" encoding="utf-8"?>
<Project ToolsVersion="4.0" xmlns="http://schemas.microsoft.com/developer/msbuild/2003">
  <ItemGroup>
    <ClCompile Include="main.cpp" />
    <ClCompile Include="stdafx.cpp" />
    <ClCompile Include="lib\system.cpp">
      <Filter>lib</Filter>
    </ClCompile>
    <ClCompile Include="GameCamera.cpp" />
    <ClCompile Include="court.cpp" />
    <ClCompile Include="Player.cpp" />
    <ClCompile Include="ball.cpp" />
  </ItemGroup>
  <ItemGroup>
    <ClInclude Include="stdafx.h" />
    <ClInclude Include="lib\system.h">
      <Filter>lib</Filter>
    </ClInclude>
    <ClInclude Include="GameCamera.h" />
    <ClInclude Include="main.h" />
    <ClInclude Include="court.h" />
    <ClInclude Include="Player.h" />
    <ClInclude Include="ball.h" />
  </ItemGroup>
  <ItemGroup>
    <Filter Include="lib">
      <UniqueIdentifier>{7cd0f4ea-2d27-48a0-bce3-39ac6ddd212a}</UniqueIdentifier>
    </Filter>
  </ItemGroup>
</Project>