<?xml version="1.0" encoding="utf-8"?>
<Project ToolsVersion="4.0" xmlns:atg="http://atg.xbox.com" xmlns="http://schemas.microsoft.com/developer/msbuild/2003">
  <ItemGroup>
    <Filter Include="Resource Files">
      <UniqueIdentifier>{8e114980-c1a3-4ada-ad7c-83caadf5daeb}</UniqueIdentifier>
      <Extensions>rc;ico;cur;bmp;dlg;rc2;rct;bin;rgs;gif;jpg;jpeg;jpe</Extensions>
    </Filter>
    <Filter Include="Enemy">
      <UniqueIdentifier>{ea751c3a-3a8b-49f2-8bc9-cf06785b9355}</UniqueIdentifier>
    </Filter>
    <Filter Include="HUD">
      <UniqueIdentifier>{3b0a0312-db03-4a7d-96ac-a3dbe2cbd7f0}</UniqueIdentifier>
    </Filter>
    <Filter Include="Player">
      <UniqueIdentifier>{3783ac2e-675b-4cc6-9106-b79ec8823d8c}</UniqueIdentifier>
    </Filter>
    <Filter Include="Assets">
      <UniqueIdentifier>{ed0b04a6-fecd-4a2c-a462-59a8f4639f36}</UniqueIdentifier>
    </Filter>
    <Filter Include="Assets\modelData">
      <UniqueIdentifier>{ad5a41b5-c9ff-48b8-ad23-a6bd5fe516bd}</UniqueIdentifier>
    </Filter>
    <Filter Include="Assets\sprite">
      <UniqueIdentifier>{b383fe16-5e4a-4ed6-bc84-c5cc97c6b454}</UniqueIdentifier>
    </Filter>
  </ItemGroup>
  <ItemGroup>
    <ClCompile Include="enemy\Enemy.cpp">
      <Filter>Enemy</Filter>
    </ClCompile>
    <ClCompile Include="hud\HPBar.cpp">
      <Filter>HUD</Filter>
    </ClCompile>
    <ClCompile Include="hud\MPBar.cpp">
      <Filter>HUD</Filter>
    </ClCompile>
    <ClCompile Include="Src\player\Player.cpp">
      <Filter>Player</Filter>
    </ClCompile>
    <ClCompile Include="Src\Background.cpp" />
    <ClCompile Include="Src\GameCamera.cpp" />
    <ClCompile Include="Src\stdafx.cpp" />
    <ClCompile Include="Src\Tutorial.cpp" />
  </ItemGroup>
  <ItemGroup>
    <CLInclude Include="resource.h">
      <Filter>Resource Files</Filter>
    </CLInclude>
    <ClInclude Include="enemy\Enemy.h">
      <Filter>Enemy</Filter>
    </ClInclude>
    <ClInclude Include="hud\HPBar.h">
      <Filter>HUD</Filter>
    </ClInclude>
    <ClInclude Include="hud\MPBar.h">
      <Filter>HUD</Filter>
    </ClInclude>
    <ClInclude Include="Src\player\Player.h">
      <Filter>Player</Filter>
    </ClInclude>
    <ClInclude Include="Src\Background.h" />
    <ClInclude Include="Src\GameCamera.h" />
    <ClInclude Include="Src\stdafx.h" />
  </ItemGroup>
  <ItemGroup>
    <ResourceCompile Include="Tutorial.rc">
      <Filter>Resource Files</Filter>
    </ResourceCompile>
  </ItemGroup>
  <ItemGroup>
    <ImageContentTask Include="Assets\modelData\Thethief_N.tga">
      <Filter>Assets\modelData</Filter>
    </ImageContentTask>
    <ImageContentTask Include="Assets\modelData\Thethief_S.tga">
      <Filter>Assets\modelData</Filter>
    </ImageContentTask>
    <ImageContentTask Include="Assets\modelData\Thethief_wuqi_N.tga">
      <Filter>Assets\modelData</Filter>
    </ImageContentTask>
    <ImageContentTask Include="Assets\modelData\Thethief_wuqi_S.tga">
      <Filter>Assets\modelData</Filter>
    </ImageContentTask>
    <ImageContentTask Include="Assets\sprite\hp.png">
      <Filter>Assets\sprite</Filter>
    </ImageContentTask>
    <ImageContentTask Include="Assets\sprite\hp_back.png">
      <Filter>Assets\sprite</Filter>
    </ImageContentTask>
    <ImageContentTask Include="Assets\sprite\hpsp_bar.png">
      <Filter>Assets\sprite</Filter>
    </ImageContentTask>
    <ImageContentTask Include="Assets\sprite\mp.png">
      <Filter>Assets\sprite</Filter>
    </ImageContentTask>
    <ImageContentTask Include="Assets\sprite\skill00.png">
      <Filter>Assets\sprite</Filter>
    </ImageContentTask>
    <ImageContentTask Include="Assets\sprite\skill01.png">
      <Filter>Assets\sprite</Filter>
    </ImageContentTask>
  </ItemGroup>
  <ItemGroup>
    <MeshContentTask Include="Assets\modelData\background.FBX">
      <Filter>Assets\modelData</Filter>
    </MeshContentTask>
    <MeshContentTask Include="Assets\modelData\enemy_00.FBX">
      <Filter>Assets\modelData</Filter>
    </MeshContentTask>
    <MeshContentTask Include="Assets\modelData\Thethief_H.FBX">
      <Filter>Assets\modelData</Filter>
    </MeshContentTask>
  </ItemGroup>
  <ItemGroup>
    <Image Include="Assets\sprite\skill02.png">
      <Filter>Assets\sprite</Filter>
    </Image>
    <Image Include="Assets\sprite\skill03.png">
      <Filter>Assets\sprite</Filter>
    </Image>
    <Image Include="Assets\sprite\skill04.png">
      <Filter>Assets\sprite</Filter>
    </Image>
    <Image Include="Assets\sprite\SkillBG.png">
      <Filter>Assets\sprite</Filter>
    </Image>
  </ItemGroup>
</Project>