<?xml version="1.0" encoding="utf-8"?>
<Project ToolsVersion="4.0" xmlns:atg="http://atg.xbox.com" xmlns="http://schemas.microsoft.com/developer/msbuild/2003">
  <ItemGroup>
    <Filter Include="Resource Files">
      <UniqueIdentifier>{8e114980-c1a3-4ada-ad7c-83caadf5daeb}</UniqueIdentifier>
      <Extensions>rc;ico;cur;bmp;dlg;rc2;rct;bin;rgs;gif;jpg;jpeg;jpe</Extensions>
    </Filter>
    <Filter Include="Resource Files\modelData">
      <UniqueIdentifier>{d98d7a64-a986-4c93-8840-fde85e2edc37}</UniqueIdentifier>
    </Filter>
    <Filter Include="Resource">
      <UniqueIdentifier>{a9dc9dbd-8634-47fe-a52b-d0b613deeeb4}</UniqueIdentifier>
    </Filter>
  </ItemGroup>
  <ItemGroup>
    <ClCompile Include="Tutorial.cpp" />
    <ClCompile Include="Player.cpp" />
    <ClCompile Include="Background.cpp" />
    <ClCompile Include="GameCamera.cpp" />
  </ItemGroup>
  <ItemGroup>
    <CLInclude Include="resource.h">
      <Filter>Resource Files</Filter>
    </CLInclude>
    <ClInclude Include="Player.h" />
    <ClInclude Include="Background.h" />
    <ClInclude Include="GameCamera.h" />
  </ItemGroup>
  <ItemGroup>
    <ResourceCompile Include="Tutorial.rc">
      <Filter>Resource Files</Filter>
    </ResourceCompile>
  </ItemGroup>
  <ItemGroup>
    <MeshContentTask Include="Resource\modelData\Thethief_H.FBX">
      <Filter>Resource Files\modelData</Filter>
    </MeshContentTask>
    <MeshContentTask Include="Resource\modelData\background.FBX">
      <Filter>Resource Files\modelData</Filter>
    </MeshContentTask>
  </ItemGroup>
  <ItemGroup>
    <ImageContentTask Include="Resource\modelData\Thethief_wuqi_S.tga">
      <Filter>Resource</Filter>
    </ImageContentTask>
    <ImageContentTask Include="Resource\modelData\Thethief_wuqi_N.tga">
      <Filter>Resource</Filter>
    </ImageContentTask>
    <ImageContentTask Include="Resource\modelData\Thethief_S.tga">
      <Filter>Resource</Filter>
    </ImageContentTask>
    <ImageContentTask Include="Resource\modelData\Thethief_N.tga">
      <Filter>Resource</Filter>
    </ImageContentTask>
    <ImageContentTask Include="Resource\modelData\BB_Map_1A Normal.png">
      <Filter>Resource</Filter>
    </ImageContentTask>
  </ItemGroup>
</Project>